
Microsoft Visual Studio Solution File, Format Version 10.00
# Visual Studio 2008
Project("{8BC9CEB8-8B4A-11D0-8D11-00A0C91BC942}") = "libssh2_dll", "libssh2_dll.vcproj", "{17F7207C-2302-41A2-B67A-8CC800605125}"
EndProject
Project("{8BC9CEB8-8B4A-11D0-8D11-00A0C91BC942}") = "libssh2_lib", "libssh2_lib.vcproj", "{9D03092A-CA07-4CB9-91F6-905A8C7A922C}"
EndProject
Project("{8BC9CEB8-8B4A-11D0-8D11-00A0C91BC942}") = "tests", "tests.vcproj", "{2AFF1A45-172A-4E94-9710-67542531A636}"
EndProject
Global
	GlobalSection(SolutionConfigurationPlatforms) = preSolution
		Debug|Win32 = Debug|Win32
		Release|Win32 = Release|Win32
	EndGlobalSection
	GlobalSection(ProjectConfigurationPlatforms) = postSolution
		{17F7207C-2302-41A2-B67A-8CC800605125}.Debug|Win32.ActiveCfg = Debug|Win32
		{17F7207C-2302-41A2-B67A-8CC800605125}.Debug|Win32.Build.0 = Debug|Win32
		{17F7207C-2302-41A2-B67A-8CC800605125}.Release|Win32.ActiveCfg = Release|Win32
		{17F7207C-2302-41A2-B67A-8CC800605125}.Release|Win32.Build.0 = Release|Win32
		{9D03092A-CA07-4CB9-91F6-905A8C7A922C}.Debug|Win32.ActiveCfg = Debug|Win32
		{9D03092A-CA07-4CB9-91F6-905A8C7A922C}.Debug|Win32.Build.0 = Debug|Win32
		{9D03092A-CA07-4CB9-91F6-905A8C7A922C}.Release|Win32.ActiveCfg = Release|Win32
		{9D03092A-CA07-4CB9-91F6-905A8C7A922C}.Release|Win32.Build.0 = Release|Win32
		{2AFF1A45-172A-4E94-9710-67542531A636}.Debug|Win32.ActiveCfg = Debug|Win32
		{2AFF1A45-172A-4E94-9710-67542531A636}.Debug|Win32.Build.0 = Debug|Win32
		{2AFF1A45-172A-4E94-9710-67542531A636}.Release|Win32.ActiveCfg = Release|Win32
		{2AFF1A45-172A-4E94-9710-67542531A636}.Release|Win32.Build.0 = Release|Win32
	EndGlobalSection
	GlobalSection(SolutionProperties) = preSolution
		HideSolutionNode = FALSE
	EndGlobalSection
EndGlobal
